
Microsoft Visual Studio Solution File, Format Version 12.00
# Visual Studio Version 16
VisualStudioVersion = 16.0.31424.327
MinimumVisualStudioVersion = 10.0.40219.1
Project("{FAE04EC0-301F-11D3-BF4B-00C04F79EFBC}") = "WorkloadsWebApi", "WorkloadsWebApi\WorkloadsWebApi.csproj", "{12916E36-C9AC-490F-9D8C-5993860199FF}"
EndProject
Project("{FAE04EC0-301F-11D3-BF4B-00C04F79EFBC}") = "WorkloadsDb.Abstract", "WorkloadsDb.Abstract\WorkloadsDb.Abstract.csproj", "{042AA98C-B7A5-4F1F-AA4A-0CD03240ECCD}"
EndProject
Project("{FAE04EC0-301F-11D3-BF4B-00C04F79EFBC}") = "WorkloadsDb.Core", "WorkloadsDb.Core\WorkloadsDb.Core.csproj", "{C28ADC56-24EB-4A27-94F0-82B57275CE4E}"
EndProject
Project("{FAE04EC0-301F-11D3-BF4B-00C04F79EFBC}") = "WorkloadsDb", "WorkloadsDb\WorkloadsDb.csproj", "{99699E4C-DC8B-48EE-A341-B39C1E2E840F}"
EndProject
Project("{FAE04EC0-301F-11D3-BF4B-00C04F79EFBC}") = "WorkloadsDb.Model", "WorkloadsDb.Model\WorkloadsDb.Model.csproj", "{08F500E9-7F7D-4119-B6E6-DA1D4397E12B}"
EndProject
Global
	GlobalSection(SolutionConfigurationPlatforms) = preSolution
		Debug|Any CPU = Debug|Any CPU
		Release|Any CPU = Release|Any CPU
	EndGlobalSection
	GlobalSection(ProjectConfigurationPlatforms) = postSolution
		{12916E36-C9AC-490F-9D8C-5993860199FF}.Debug|Any CPU.ActiveCfg = Debug|Any CPU
		{12916E36-C9AC-490F-9D8C-5993860199FF}.Debug|Any CPU.Build.0 = Debug|Any CPU
		{12916E36-C9AC-490F-9D8C-5993860199FF}.Release|Any CPU.ActiveCfg = Release|Any CPU
		{12916E36-C9AC-490F-9D8C-5993860199FF}.Release|Any CPU.Build.0 = Release|Any CPU
		{042AA98C-B7A5-4F1F-AA4A-0CD03240ECCD}.Debug|Any CPU.ActiveCfg = Debug|Any CPU
		{042AA98C-B7A5-4F1F-AA4A-0CD03240ECCD}.Debug|Any CPU.Build.0 = Debug|Any CPU
		{042AA98C-B7A5-4F1F-AA4A-0CD03240ECCD}.Release|Any CPU.ActiveCfg = Release|Any CPU
		{042AA98C-B7A5-4F1F-AA4A-0CD03240ECCD}.Release|Any CPU.Build.0 = Release|Any CPU
		{C28ADC56-24EB-4A27-94F0-82B57275CE4E}.Debug|Any CPU.ActiveCfg = Debug|Any CPU
		{C28ADC56-24EB-4A27-94F0-82B57275CE4E}.Debug|Any CPU.Build.0 = Debug|Any CPU
		{C28ADC56-24EB-4A27-94F0-82B57275CE4E}.Release|Any CPU.ActiveCfg = Release|Any CPU
		{C28ADC56-24EB-4A27-94F0-82B57275CE4E}.Release|Any CPU.Build.0 = Release|Any CPU
		{99699E4C-DC8B-48EE-A341-B39C1E2E840F}.Debug|Any CPU.ActiveCfg = Debug|Any CPU
		{99699E4C-DC8B-48EE-A341-B39C1E2E840F}.Debug|Any CPU.Build.0 = Debug|Any CPU
		{99699E4C-DC8B-48EE-A341-B39C1E2E840F}.Release|Any CPU.ActiveCfg = Release|Any CPU
		{99699E4C-DC8B-48EE-A341-B39C1E2E840F}.Release|Any CPU.Build.0 = Release|Any CPU
		{08F500E9-7F7D-4119-B6E6-DA1D4397E12B}.Debug|Any CPU.ActiveCfg = Debug|Any CPU
		{08F500E9-7F7D-4119-B6E6-DA1D4397E12B}.Debug|Any CPU.Build.0 = Debug|Any CPU
		{08F500E9-7F7D-4119-B6E6-DA1D4397E12B}.Release|Any CPU.ActiveCfg = Release|Any CPU
		{08F500E9-7F7D-4119-B6E6-DA1D4397E12B}.Release|Any CPU.Build.0 = Release|Any CPU
	EndGlobalSection
	GlobalSection(SolutionProperties) = preSolution
		HideSolutionNode = FALSE
	EndGlobalSection
	GlobalSection(ExtensibilityGlobals) = postSolution
		SolutionGuid = {1CFC0A87-B602-4FF8-9160-5CD6077FAE44}
	EndGlobalSection
EndGlobal
